
Microsoft Visual Studio Solution File, Format Version 12.00
# Visual Studio 15
Project("{FAE04EC0-301F-11D3-BF4B-00C04F79EFBC}") = "TheaterApp.Client", "TheaterApp.Client\TheaterApp.Client.csproj", "{A338676E-F0EF-40F7-AFC3-3EC2ED730976}"
EndProject
Project("{FAE04EC0-301F-11D3-BF4B-00C04F79EFBC}") = "TheaterAppApi", "TheaterAppApi\TheaterAppApi.csproj", "{CD88609B-8ADA-48FA-B59F-4F754C3D655C}"
EndProject
Global
	GlobalSection(SolutionConfigurationPlatforms) = preSolution
		Debug|Any CPU = Debug|Any CPU
		Release|Any CPU = Release|Any CPU
	EndGlobalSection
	GlobalSection(ProjectConfigurationPlatforms) = postSolution
		{A338676E-F0EF-40F7-AFC3-3EC2ED730976}.Debug|Any CPU.ActiveCfg = Debug|Any CPU
		{A338676E-F0EF-40F7-AFC3-3EC2ED730976}.Debug|Any CPU.Build.0 = Debug|Any CPU
		{A338676E-F0EF-40F7-AFC3-3EC2ED730976}.Release|Any CPU.ActiveCfg = Release|Any CPU
		{A338676E-F0EF-40F7-AFC3-3EC2ED730976}.Release|Any CPU.Build.0 = Release|Any CPU
		{CD88609B-8ADA-48FA-B59F-4F754C3D655C}.Debug|Any CPU.ActiveCfg = Debug|Any CPU
		{CD88609B-8ADA-48FA-B59F-4F754C3D655C}.Debug|Any CPU.Build.0 = Debug|Any CPU
		{CD88609B-8ADA-48FA-B59F-4F754C3D655C}.Release|Any CPU.ActiveCfg = Release|Any CPU
		{CD88609B-8ADA-48FA-B59F-4F754C3D655C}.Release|Any CPU.Build.0 = Release|Any CPU
	EndGlobalSection
EndGlobal
